
Microsoft Visual Studio Solution File, Format Version 12.00
# Visual Studio Version 17
VisualStudioVersion = 17.6.33717.318
MinimumVisualStudioVersion = 10.0.40219.1
Project("{FAE04EC0-301F-11D3-BF4B-00C04F79EFBC}") = "Calculator.Server", "Calculator.Server\Calculator.Server.csproj", "{07BA9D4B-9330-4BD1-9123-49A70CF57FE8}"
EndProject
Global
	GlobalSection(SolutionConfigurationPlatforms) = preSolution
		Debug|Any CPU = Debug|Any CPU
		Release|Any CPU = Release|Any CPU
	EndGlobalSection
	GlobalSection(ProjectConfigurationPlatforms) = postSolution
		{07BA9D4B-9330-4BD1-9123-49A70CF57FE8}.Debug|Any CPU.ActiveCfg = Debug|Any CPU
		{07BA9D4B-9330-4BD1-9123-49A70CF57FE8}.Debug|Any CPU.Build.0 = Debug|Any CPU
		{07BA9D4B-9330-4BD1-9123-49A70CF57FE8}.Release|Any CPU.ActiveCfg = Release|Any CPU
		{07BA9D4B-9330-4BD1-9123-49A70CF57FE8}.Release|Any CPU.Build.0 = Release|Any CPU
	EndGlobalSection
	GlobalSection(SolutionProperties) = preSolution
		HideSolutionNode = FALSE
	EndGlobalSection
	GlobalSection(ExtensibilityGlobals) = postSolution
		SolutionGuid = {0A1E9A6E-A86F-454B-BC43-A8EB2DA5A967}
	EndGlobalSection
EndGlobal
